
Microsoft Visual Studio Solution File, Format Version 12.00
# Visual Studio 2013
VisualStudioVersion = 12.0.31101.0
MinimumVisualStudioVersion = 10.0.40219.1
Project("{8BC9CEB8-8B4A-11D0-8D11-00A0C91BC942}") = "gnuplotInterfaceCplusplus", "gnuplotInterfaceCplusplus\gnuplotInterfaceCplusplus.vcxproj", "{6FCEA572-66B5-4EEA-A530-2AF2B18A29D0}"
EndProject
Project("{8BC9CEB8-8B4A-11D0-8D11-00A0C91BC942}") = "testgnuplotInterfaceCplusplus", "testgnuplotInterfaceCplusplus\testgnuplotInterfaceCplusplus.vcxproj", "{B998EE09-F920-4B6F-8463-102945CF4838}"
EndProject
Global
	GlobalSection(SolutionConfigurationPlatforms) = preSolution
		Debug|Win32 = Debug|Win32
		Release|Win32 = Release|Win32
	EndGlobalSection
	GlobalSection(ProjectConfigurationPlatforms) = postSolution
		{6FCEA572-66B5-4EEA-A530-2AF2B18A29D0}.Debug|Win32.ActiveCfg = Debug|Win32
		{6FCEA572-66B5-4EEA-A530-2AF2B18A29D0}.Debug|Win32.Build.0 = Debug|Win32
		{6FCEA572-66B5-4EEA-A530-2AF2B18A29D0}.Release|Win32.ActiveCfg = Release|Win32
		{6FCEA572-66B5-4EEA-A530-2AF2B18A29D0}.Release|Win32.Build.0 = Release|Win32
		{B998EE09-F920-4B6F-8463-102945CF4838}.Debug|Win32.ActiveCfg = Debug|Win32
		{B998EE09-F920-4B6F-8463-102945CF4838}.Debug|Win32.Build.0 = Debug|Win32
		{B998EE09-F920-4B6F-8463-102945CF4838}.Release|Win32.ActiveCfg = Release|Win32
		{B998EE09-F920-4B6F-8463-102945CF4838}.Release|Win32.Build.0 = Release|Win32
	EndGlobalSection
	GlobalSection(SolutionProperties) = preSolution
		HideSolutionNode = FALSE
	EndGlobalSection
EndGlobal
